
Microsoft Visual Studio Solution File, Format Version 12.00
# Visual Studio Version 17
VisualStudioVersion = 17.0.32112.339
MinimumVisualStudioVersion = 10.0.40219.1
Project("{FAE04EC0-301F-11D3-BF4B-00C04F79EFBC}") = "PractWork2", "PractWork2\PractWork2.csproj", "{9FC9D2DF-1568-42E7-A21D-636925A9ED4A}"
EndProject
Project("{FAE04EC0-301F-11D3-BF4B-00C04F79EFBC}") = "Task4", "Task4\Task4.csproj", "{423DE743-7F69-4C74-8642-263BDCAC862F}"
EndProject
Global
	GlobalSection(SolutionConfigurationPlatforms) = preSolution
		Debug|Any CPU = Debug|Any CPU
		Release|Any CPU = Release|Any CPU
	EndGlobalSection
	GlobalSection(ProjectConfigurationPlatforms) = postSolution
		{9FC9D2DF-1568-42E7-A21D-636925A9ED4A}.Debug|Any CPU.ActiveCfg = Debug|Any CPU
		{9FC9D2DF-1568-42E7-A21D-636925A9ED4A}.Debug|Any CPU.Build.0 = Debug|Any CPU
		{9FC9D2DF-1568-42E7-A21D-636925A9ED4A}.Release|Any CPU.ActiveCfg = Release|Any CPU
		{9FC9D2DF-1568-42E7-A21D-636925A9ED4A}.Release|Any CPU.Build.0 = Release|Any CPU
		{423DE743-7F69-4C74-8642-263BDCAC862F}.Debug|Any CPU.ActiveCfg = Debug|Any CPU
		{423DE743-7F69-4C74-8642-263BDCAC862F}.Debug|Any CPU.Build.0 = Debug|Any CPU
		{423DE743-7F69-4C74-8642-263BDCAC862F}.Release|Any CPU.ActiveCfg = Release|Any CPU
		{423DE743-7F69-4C74-8642-263BDCAC862F}.Release|Any CPU.Build.0 = Release|Any CPU
	EndGlobalSection
	GlobalSection(SolutionProperties) = preSolution
		HideSolutionNode = FALSE
	EndGlobalSection
	GlobalSection(ExtensibilityGlobals) = postSolution
		SolutionGuid = {7471A960-90CE-460B-8801-B9C956C32F17}
	EndGlobalSection
EndGlobal
